
Microsoft Visual Studio Solution File, Format Version 12.00
# Visual Studio Version 16
VisualStudioVersion = 16.0.31829.152
MinimumVisualStudioVersion = 10.0.40219.1
Project("{FAE04EC0-301F-11D3-BF4B-00C04F79EFBC}") = "customSitemapGenerator", "customSitemapGenerator.csproj", "{62134005-8D95-42DE-A8B1-E7F5A5891C84}"
EndProject
Global
	GlobalSection(SolutionConfigurationPlatforms) = preSolution
		Debug|Any CPU = Debug|Any CPU
		Release|Any CPU = Release|Any CPU
	EndGlobalSection
	GlobalSection(ProjectConfigurationPlatforms) = postSolution
		{62134005-8D95-42DE-A8B1-E7F5A5891C84}.Debug|Any CPU.ActiveCfg = Debug|Any CPU
		{62134005-8D95-42DE-A8B1-E7F5A5891C84}.Debug|Any CPU.Build.0 = Debug|Any CPU
		{62134005-8D95-42DE-A8B1-E7F5A5891C84}.Release|Any CPU.ActiveCfg = Release|Any CPU
		{62134005-8D95-42DE-A8B1-E7F5A5891C84}.Release|Any CPU.Build.0 = Release|Any CPU
	EndGlobalSection
	GlobalSection(SolutionProperties) = preSolution
		HideSolutionNode = FALSE
	EndGlobalSection
	GlobalSection(ExtensibilityGlobals) = postSolution
		SolutionGuid = {5B396363-34A4-4232-A40E-AE7C102A79D5}
	EndGlobalSection
EndGlobal
